// !$*UTF8*$!
{
	archiveVersion = 1;
	classes = {
	};
	objectVersion = 46;
	objects = {

/* Begin PBXBuildFile section */
		F3E22B4B1D077F1300610814 /* main.m in Sources */ = {isa = PBXBuildFile; fileRef = F3E22B4A1D077F1300610814 /* main.m */; };
		F3E22B4E1D077F1300610814 /* AppDelegate.m in Sources */ = {isa = PBXBuildFile; fileRef = F3E22B4D1D077F1300610814 /* AppDelegate.m */; };
		F3E22B511D077F1300610814 /* ViewController.m in Sources */ = {isa = PBXBuildFile; fileRef = F3E22B501D077F1300610814 /* ViewController.m */; };
		F3E22B541D077F1300610814 /* Main.storyboard in Resources */ = {isa = PBXBuildFile; fileRef = F3E22B521D077F1300610814 /* Main.storyboard */; };
		F3E22B561D077F1300610814 /* Assets.xcassets in Resources */ = {isa = PBXBuildFile; fileRef = F3E22B551D077F1300610814 /* Assets.xcassets */; };
		F3E22B591D077F1300610814 /* LaunchScreen.storyboard in Resources */ = {isa = PBXBuildFile; fileRef = F3E22B571D077F1300610814 /* LaunchScreen.storyboard */; };
		F3E22B641D077F1300610814 /* TP3Tests.m in Sources */ = {isa = PBXBuildFile; fileRef = F3E22B631D077F1300610814 /* TP3Tests.m */; };
		F3E22B6F1D077F1300610814 /* TP3UITests.m in Sources */ = {isa = PBXBuildFile; fileRef = F3E22B6E1D077F1300610814 /* TP3UITests.m */; };
/* End PBXBuildFile section */

/* Begin PBXContainerItemProxy section */
		F3E22B601D077F1300610814 /* PBXContainerItemProxy */ = {
			isa = PBXContainerItemProxy;
			containerPortal = F3E22B3E1D077F1300610814 /* Project object */;
			proxyType = 1;
			remoteGlobalIDString = F3E22B451D077F1300610814;
			remoteInfo = TP3;
		};
		F3E22B6B1D077F1300610814 /* PBXContainerItemProxy */ = {
			isa = PBXContainerItemProxy;
			containerPortal = F3E22B3E1D077F1300610814 /* Project object */;
			proxyType = 1;
			remoteGlobalIDString = F3E22B451D077F1300610814;
			remoteInfo = TP3;
		};
/* End PBXContainerItemProxy section */

/* Begin PBXFileReference section */
		F3E22B461D077F1300610814 /* TP3.app */ = {isa = PBXFileReference; explicitFileType = wrapper.application; includeInIndex = 0; path = TP3.app; sourceTree = BUILT_PRODUCTS_DIR; };
		F3E22B4A1D077F1300610814 /* main.m */ = {isa = PBXFileReference; lastKnownFileType = sourcecode.c.objc; path = main.m; sourceTree = "<group>"; };
		F3E22B4C1D077F1300610814 /* AppDelegate.h */ = {isa = PBXFileReference; lastKnownFileType = sourcecode.c.h; path = AppDelegate.h; sourceTree = "<group>"; };
		F3E22B4D1D077F1300610814 /* AppDelegate.m */ = {isa = PBXFileReference; lastKnownFileType = sourcecode.c.objc; path = AppDelegate.m; sourceTree = "<group>"; };
		F3E22B4F1D077F1300610814 /* ViewController.h */ = {isa = PBXFileReference; lastKnownFileType = sourcecode.c.h; path = ViewController.h; sourceTree = "<group>"; };
		F3E22B501D077F1300610814 /* ViewController.m */ = {isa = PBXFileReference; lastKnownFileType = sourcecode.c.objc; path = ViewController.m; sourceTree = "<group>"; };
		F3E22B531D077F1300610814 /* Base */ = {isa = PBXFileReference; lastKnownFileType = file.storyboard; name = Base; path = Base.lproj/Main.storyboard; sourceTree = "<group>"; };
		F3E22B551D077F1300610814 /* Assets.xcassets */ = {isa = PBXFileReference; lastKnownFileType = folder.assetcatalog; path = Assets.xcassets; sourceTree = "<group>"; };
		F3E22B581D077F1300610814 /* Base */ = {isa = PBXFileReference; lastKnownFileType = file.storyboard; name = Base; path = Base.lproj/LaunchScreen.storyboard; sourceTree = "<group>"; };
		F3E22B5A1D077F1300610814 /* Info.plist */ = {isa = PBXFileReference; lastKnownFileType = text.plist.xml; path = Info.plist; sourceTree = "<group>"; };
		F3E22B5F1D077F1300610814 /* TP3Tests.xctest */ = {isa = PBXFileReference; explicitFileType = wrapper.cfbundle; includeInIndex = 0; path = TP3Tests.xctest; sourceTree = BUILT_PRODUCTS_DIR; };
		F3E22B631D077F1300610814 /* TP3Tests.m */ = {isa = PBXFileReference; lastKnownFileType = sourcecode.c.objc; path = TP3Tests.m; sourceTree = "<group>"; };
		F3E22B651D077F1300610814 /* Info.plist */ = {isa = PBXFileReference; lastKnownFileType = text.plist.xml; path = Info.plist; sourceTree = "<group>"; };
		F3E22B6A1D077F1300610814 /* TP3UITests.xctest */ = {isa = PBXFileReference; explicitFileType = wrapper.cfbundle; includeInIndex = 0; path = TP3UITests.xctest; sourceTree = BUILT_PRODUCTS_DIR; };
		F3E22B6E1D077F1300610814 /* TP3UITests.m */ = {isa = PBXFileReference; lastKnownFileType = sourcecode.c.objc; path = TP3UITests.m; sourceTree = "<group>"; };
		F3E22B701D077F1300610814 /* Info.plist */ = {isa = PBXFileReference; lastKnownFileType = text.plist.xml; path = Info.plist; sourceTree = "<group>"; };
/* End PBXFileReference section */

/* Begin PBXFrameworksBuildPhase section */
		F3E22B431D077F1300610814 /* Frameworks */ = {
			isa = PBXFrameworksBuildPhase;
			buildActionMask = 2147483647;
			files = (
			);
			runOnlyForDeploymentPostprocessing = 0;
		};
		F3E22B5C1D077F1300610814 /* Frameworks */ = {
			isa = PBXFrameworksBuildPhase;
			buildActionMask = 2147483647;
			files = (
			);
			runOnlyForDeploymentPostprocessing = 0;
		};
		F3E22B671D077F1300610814 /* Frameworks */ = {
			isa = PBXFrameworksBuildPhase;
			buildActionMask = 2147483647;
			files = (
			);
			runOnlyForDeploymentPostprocessing = 0;
		};
/* End PBXFrameworksBuildPhase section */

/* Begin PBXGroup section */
		F3E22B3D1D077F1300610814 = {
			isa = PBXGroup;
			children = (
				F3E22B481D077F1300610814 /* TP3 */,
				F3E22B621D077F1300610814 /* TP3Tests */,
				F3E22B6D1D077F1300610814 /* TP3UITests */,
				F3E22B471D077F1300610814 /* Products */,
			);
			sourceTree = "<group>";
		};
		F3E22B471D077F1300610814 /* Products */ = {
			isa = PBXGroup;
			children = (
				F3E22B461D077F1300610814 /* TP3.app */,
				F3E22B5F1D077F1300610814 /* TP3Tests.xctest */,
				F3E22B6A1D077F1300610814 /* TP3UITests.xctest */,
			);
			name = Products;
			sourceTree = "<group>";
		};
		F3E22B481D077F1300610814 /* TP3 */ = {
			isa = PBXGroup;
			children = (
				F3E22B4C1D077F1300610814 /* AppDelegate.h */,
				F3E22B4D1D077F1300610814 /* AppDelegate.m */,
				F3E22B4F1D077F1300610814 /* ViewController.h */,
				F3E22B501D077F1300610814 /* ViewController.m */,
				F3E22B521D077F1300610814 /* Main.storyboard */,
				F3E22B551D077F1300610814 /* Assets.xcassets */,
				F3E22B571D077F1300610814 /* LaunchScreen.storyboard */,
				F3E22B5A1D077F1300610814 /* Info.plist */,
				F3E22B491D077F1300610814 /* Supporting Files */,
			);
			path = TP3;
			sourceTree = "<group>";
		};
		F3E22B491D077F1300610814 /* Supporting Files */ = {
			isa = PBXGroup;
			children = (
				F3E22B4A1D077F1300610814 /* main.m */,
			);
			name = "Supporting Files";
			sourceTree = "<group>";
		};
		F3E22B621D077F1300610814 /* TP3Tests */ = {
			isa = PBXGroup;
			children = (
				F3E22B631D077F1300610814 /* TP3Tests.m */,
				F3E22B651D077F1300610814 /* Info.plist */,
			);
			path = TP3Tests;
			sourceTree = "<group>";
		};
		F3E22B6D1D077F1300610814 /* TP3UITests */ = {
			isa = PBXGroup;
			children = (
				F3E22B6E1D077F1300610814 /* TP3UITests.m */,
				F3E22B701D077F1300610814 /* Info.plist */,
			);
			path = TP3UITests;
			sourceTree = "<group>";
		};
/* End PBXGroup section */

/* Begin PBXNativeTarget section */
		F3E22B451D077F1300610814 /* TP3 */ = {
			isa = PBXNativeTarget;
			buildConfigurationList = F3E22B731D077F1300610814 /* Build configuration list for PBXNativeTarget "TP3" */;
			buildPhases = (
				F3E22B421D077F1300610814 /* Sources */,
				F3E22B431D077F1300610814 /* Frameworks */,
				F3E22B441D077F1300610814 /* Resources */,
			);
			buildRules = (
			);
			dependencies = (
			);
			name = TP3;
			productName = TP3;
			productReference = F3E22B461D077F1300610814 /* TP3.app */;
			productType = "com.apple.product-type.application";
		};
		F3E22B5E1D077F1300610814 /* TP3Tests */ = {
			isa = PBXNativeTarget;
			buildConfigurationList = F3E22B761D077F1300610814 /* Build configuration list for PBXNativeTarget "TP3Tests" */;
			buildPhases = (
				F3E22B5B1D077F1300610814 /* Sources */,
				F3E22B5C1D077F1300610814 /* Frameworks */,
				F3E22B5D1D077F1300610814 /* Resources */,
			);
			buildRules = (
			);
			dependencies = (
				F3E22B611D077F1300610814 /* PBXTargetDependency */,
			);
			name = TP3Tests;
			productName = TP3Tests;
			productReference = F3E22B5F1D077F1300610814 /* TP3Tests.xctest */;
			productType = "com.apple.product-type.bundle.unit-test";
		};
		F3E22B691D077F1300610814 /* TP3UITests */ = {
			isa = PBXNativeTarget;
			buildConfigurationList = F3E22B791D077F1300610814 /* Build configuration list for PBXNativeTarget "TP3UITests" */;
			buildPhases = (
				F3E22B661D077F1300610814 /* Sources */,
				F3E22B671D077F1300610814 /* Frameworks */,
				F3E22B681D077F1300610814 /* Resources */,
			);
			buildRules = (
			);
			dependencies = (
				F3E22B6C1D077F1300610814 /* PBXTargetDependency */,
			);
			name = TP3UITests;
			productName = TP3UITests;
			productReference = F3E22B6A1D077F1300610814 /* TP3UITests.xctest */;
			productType = "com.apple.product-type.bundle.ui-testing";
		};
/* End PBXNativeTarget section */

/* Begin PBXProject section */
		F3E22B3E1D077F1300610814 /* Project object */ = {
			isa = PBXProject;
			attributes = {
				LastUpgradeCheck = 0720;
				ORGANIZATIONNAME = "Jhonathan Santos";
				TargetAttributes = {
					F3E22B451D077F1300610814 = {
						CreatedOnToolsVersion = 7.2;
					};
					F3E22B5E1D077F1300610814 = {
						CreatedOnToolsVersion = 7.2;
						TestTargetID = F3E22B451D077F1300610814;
					};
					F3E22B691D077F1300610814 = {
						CreatedOnToolsVersion = 7.2;
						TestTargetID = F3E22B451D077F1300610814;
					};
				};
			};
			buildConfigurationList = F3E22B411D077F1300610814 /* Build configuration list for PBXProject "TP3" */;
			compatibilityVersion = "Xcode 3.2";
			developmentRegion = English;
			hasScannedForEncodings = 0;
			knownRegions = (
				en,
				Base,
			);
			mainGroup = F3E22B3D1D077F1300610814;
			productRefGroup = F3E22B471D077F1300610814 /* Products */;
			projectDirPath = "";
			projectRoot = "";
			targets = (
				F3E22B451D077F1300610814 /* TP3 */,
				F3E22B5E1D077F1300610814 /* TP3Tests */,
				F3E22B691D077F1300610814 /* TP3UITests */,
			);
		};
/* End PBXProject section */

/* Begin PBXResourcesBuildPhase section */
		F3E22B441D077F1300610814 /* Resources */ = {
			isa = PBXResourcesBuildPhase;
			buildActionMask = 2147483647;
			files = (
				F3E22B591D077F1300610814 /* LaunchScreen.storyboard in Resources */,
				F3E22B561D077F1300610814 /* Assets.xcassets in Resources */,
				F3E22B541D077F1300610814 /* Main.storyboard in Resources */,
			);
			runOnlyForDeploymentPostprocessing = 0;
		};
		F3E22B5D1D077F1300610814 /* Resources */ = {
			isa = PBXResourcesBuildPhase;
			buildActionMask = 2147483647;
			files = (
			);
			runOnlyForDeploymentPostprocessing = 0;
		};
		F3E22B681D077F1300610814 /* Resources */ = {
			isa = PBXResourcesBuildPhase;
			buildActionMask = 2147483647;
			files = (
			);
			runOnlyForDeploymentPostprocessing = 0;
		};
/* End PBXResourcesBuildPhase section */

/* Begin PBXSourcesBuildPhase section */
		F3E22B421D077F1300610814 /* Sources */ = {
			isa = PBXSourcesBuildPhase;
			buildActionMask = 2147483647;
			files = (
				F3E22B511D077F1300610814 /* ViewController.m in Sources */,
				F3E22B4E1D077F1300610814 /* AppDelegate.m in Sources */,
				F3E22B4B1D077F1300610814 /* main.m in Sources */,
			);
			runOnlyForDeploymentPostprocessing = 0;
		};
		F3E22B5B1D077F1300610814 /* Sources */ = {
			isa = PBXSourcesBuildPhase;
			buildActionMask = 2147483647;
			files = (
				F3E22B641D077F1300610814 /* TP3Tests.m in Sources */,
			);
			runOnlyForDeploymentPostprocessing = 0;
		};
		F3E22B661D077F1300610814 /* Sources */ = {
			isa = PBXSourcesBuildPhase;
			buildActionMask = 2147483647;
			files = (
				F3E22B6F1D077F1300610814 /* TP3UITests.m in Sources */,
			);
			runOnlyForDeploymentPostprocessing = 0;
		};
/* End PBXSourcesBuildPhase section */

/* Begin PBXTargetDependency section */
		F3E22B611D077F1300610814 /* PBXTargetDependency */ = {
			isa = PBXTargetDependency;
			target = F3E22B451D077F1300610814 /* TP3 */;
			targetProxy = F3E22B601D077F1300610814 /* PBXContainerItemProxy */;
		};
		F3E22B6C1D077F1300610814 /* PBXTargetDependency */ = {
			isa = PBXTargetDependency;
			target = F3E22B451D077F1300610814 /* TP3 */;
			targetProxy = F3E22B6B1D077F1300610814 /* PBXContainerItemProxy */;
		};
/* End PBXTargetDependency section */

/* Begin PBXVariantGroup section */
		F3E22B521D077F1300610814 /* Main.storyboard */ = {
			isa = PBXVariantGroup;
			children = (
				F3E22B531D077F1300610814 /* Base */,
			);
			name = Main.storyboard;
			sourceTree = "<group>";
		};
		F3E22B571D077F1300610814 /* LaunchScreen.storyboard */ = {
			isa = PBXVariantGroup;
			children = (
				F3E22B581D077F1300610814 /* Base */,
			);
			name = LaunchScreen.storyboard;
			sourceTree = "<group>";
		};
/* End PBXVariantGroup section */

/* Begin XCBuildConfiguration section */
		F3E22B711D077F1300610814 /* Debug */ = {
			isa = XCBuildConfiguration;
			buildSettings = {
				ALWAYS_SEARCH_USER_PATHS = NO;
				CLANG_CXX_LANGUAGE_STANDARD = "gnu++0x";
				CLANG_CXX_LIBRARY = "libc++";
				CLANG_ENABLE_MODULES = YES;
				CLANG_ENABLE_OBJC_ARC = YES;
				CLANG_WARN_BOOL_CONVERSION = YES;
				CLANG_WARN_CONSTANT_CONVERSION = YES;
				CLANG_WARN_DIRECT_OBJC_ISA_USAGE = YES_ERROR;
				CLANG_WARN_EMPTY_BODY = YES;
				CLANG_WARN_ENUM_CONVERSION = YES;
				CLANG_WARN_INT_CONVERSION = YES;
				CLANG_WARN_OBJC_ROOT_CLASS = YES_ERROR;
				CLANG_WARN_UNREACHABLE_CODE = YES;
				CLANG_WARN__DUPLICATE_METHOD_MATCH = YES;
				"CODE_SIGN_IDENTITY[sdk=iphoneos*]" = "iPhone Developer";
				COPY_PHASE_STRIP = NO;
				DEBUG_INFORMATION_FORMAT = dwarf;
				ENABLE_STRICT_OBJC_MSGSEND = YES;
				ENABLE_TESTABILITY = YES;
				GCC_C_LANGUAGE_STANDARD = gnu99;
				GCC_DYNAMIC_NO_PIC = NO;
				GCC_NO_COMMON_BLOCKS = YES;
				GCC_OPTIMIZATION_LEVEL = 0;
				GCC_PREPROCESSOR_DEFINITIONS = (
					"DEBUG=1",
					"$(inherited)",
				);
				GCC_WARN_64_TO_32_BIT_CONVERSION = YES;
				GCC_WARN_ABOUT_RETURN_TYPE = YES_ERROR;
				GCC_WARN_UNDECLARED_SELECTOR = YES;
				GCC_WARN_UNINITIALIZED_AUTOS = YES_AGGRESSIVE;
				GCC_WARN_UNUSED_FUNCTION = YES;
				GCC_WARN_UNUSED_VARIABLE = YES;
				IPHONEOS_DEPLOYMENT_TARGET = 9.2;
				MTL_ENABLE_DEBUG_INFO = YES;
				ONLY_ACTIVE_ARCH = YES;
				SDKROOT = iphoneos;
				TARGETED_DEVICE_FAMILY = "1,2";
			};
			name = Debug;
		};
		F3E22B721D077F1300610814 /* Release */ = {
			isa = XCBuildConfiguration;
			buildSettings = {
				ALWAYS_SEARCH_USER_PATHS = NO;
				CLANG_CXX_LANGUAGE_STANDARD = "gnu++0x";
				CLANG_CXX_LIBRARY = "libc++";
				CLANG_ENABLE_MODULES = YES;
				CLANG_ENABLE_OBJC_ARC = YES;
				CLANG_WARN_BOOL_CONVERSION = YES;
				CLANG_WARN_CONSTANT_CONVERSION = YES;
				CLANG_WARN_DIRECT_OBJC_ISA_USAGE = YES_ERROR;
				CLANG_WARN_EMPTY_BODY = YES;
				CLANG_WARN_ENUM_CONVERSION = YES;
				CLANG_WARN_INT_CONVERSION = YES;
				CLANG_WARN_OBJC_ROOT_CLASS = YES_ERROR;
				CLANG_WARN_UNREACHABLE_CODE = YES;
				CLANG_WARN__DUPLICATE_METHOD_MATCH = YES;
				"CODE_SIGN_IDENTITY[sdk=iphoneos*]" = "iPhone Developer";
				COPY_PHASE_STRIP = NO;
				DEBUG_INFORMATION_FORMAT = "dwarf-with-dsym";
				ENABLE_NS_ASSERTIONS = NO;
				ENABLE_STRICT_OBJC_MSGSEND = YES;
				GCC_C_LANGUAGE_STANDARD = gnu99;
				GCC_NO_COMMON_BLOCKS = YES;
				GCC_WARN_64_TO_32_BIT_CONVERSION = YES;
				GCC_WARN_ABOUT_RETURN_TYPE = YES_ERROR;
				GCC_WARN_UNDECLARED_SELECTOR = YES;
				GCC_WARN_UNINITIALIZED_AUTOS = YES_AGGRESSIVE;
				GCC_WARN_UNUSED_FUNCTION = YES;
				GCC_WARN_UNUSED_VARIABLE = YES;
				IPHONEOS_DEPLOYMENT_TARGET = 9.2;
				MTL_ENABLE_DEBUG_INFO = NO;
				SDKROOT = iphoneos;
				TARGETED_DEVICE_FAMILY = "1,2";
				VALIDATE_PRODUCT = YES;
			};
			name = Release;
		};
		F3E22B741D077F1300610814 /* Debug */ = {
			isa = XCBuildConfiguration;
			buildSettings = {
				ASSETCATALOG_COMPILER_APPICON_NAME = AppIcon;
				INFOPLIST_FILE = TP3/Info.plist;
				LD_RUNPATH_SEARCH_PATHS = "$(inherited) @executable_path/Frameworks";
				PRODUCT_BUNDLE_IDENTIFIER = jhonntec.TP3;
				PRODUCT_NAME = "$(TARGET_NAME)";
			};
			name = Debug;
		};
		F3E22B751D077F1300610814 /* Release */ = {
			isa = XCBuildConfiguration;
			buildSettings = {
				ASSETCATALOG_COMPILER_APPICON_NAME = AppIcon;
				INFOPLIST_FILE = TP3/Info.plist;
				LD_RUNPATH_SEARCH_PATHS = "$(inherited) @executable_path/Frameworks";
				PRODUCT_BUNDLE_IDENTIFIER = jhonntec.TP3;
				PRODUCT_NAME = "$(TARGET_NAME)";
			};
			name = Release;
		};
		F3E22B771D077F1300610814 /* Debug */ = {
			isa = XCBuildConfiguration;
			buildSettings = {
				BUNDLE_LOADER = "$(TEST_HOST)";
				INFOPLIST_FILE = TP3Tests/Info.plist;
				LD_RUNPATH_SEARCH_PATHS = "$(inherited) @executable_path/Frameworks @loader_path/Frameworks";
				PRODUCT_BUNDLE_IDENTIFIER = jhonntec.TP3Tests;
				PRODUCT_NAME = "$(TARGET_NAME)";
				TEST_HOST = "$(BUILT_PRODUCTS_DIR)/TP3.app/TP3";
			};
			name = Debug;
		};
		F3E22B781D077F1300610814 /* Release */ = {
			isa = XCBuildConfiguration;
			buildSettings = {
				BUNDLE_LOADER = "$(TEST_HOST)";
				INFOPLIST_FILE = TP3Tests/Info.plist;
				LD_RUNPATH_SEARCH_PATHS = "$(inherited) @executable_path/Frameworks @loader_path/Frameworks";
				PRODUCT_BUNDLE_IDENTIFIER = jhonntec.TP3Tests;
				PRODUCT_NAME = "$(TARGET_NAME)";
				TEST_HOST = "$(BUILT_PRODUCTS_DIR)/TP3.app/TP3";
			};
			name = Release;
		};
		F3E22B7A1D077F1300610814 /* Debug */ = {
			isa = XCBuildConfiguration;
			buildSettings = {
				INFOPLIST_FILE = TP3UITests/Info.plist;
				LD_RUNPATH_SEARCH_PATHS = "$(inherited) @executable_path/Frameworks @loader_path/Frameworks";
				PRODUCT_BUNDLE_IDENTIFIER = jhonntec.TP3UITests;
				PRODUCT_NAME = "$(TARGET_NAME)";
				TEST_TARGET_NAME = TP3;
				USES_XCTRUNNER = YES;
			};
			name = Debug;
		};
		F3E22B7B1D077F1300610814 /* Release */ = {
			isa = XCBuildConfiguration;
			buildSettings = {
				INFOPLIST_FILE = TP3UITests/Info.plist;
				LD_RUNPATH_SEARCH_PATHS = "$(inherited) @executable_path/Frameworks @loader_path/Frameworks";
				PRODUCT_BUNDLE_IDENTIFIER = jhonntec.TP3UITests;
				PRODUCT_NAME = "$(TARGET_NAME)";
				TEST_TARGET_NAME = TP3;
				USES_XCTRUNNER = YES;
			};
			name = Release;
		};
/* End XCBuildConfiguration section */

/* Begin XCConfigurationList section */
		F3E22B411D077F1300610814 /* Build configuration list for PBXProject "TP3" */ = {
			isa = XCConfigurationList;
			buildConfigurations = (
				F3E22B711D077F1300610814 /* Debug */,
				F3E22B721D077F1300610814 /* Release */,
			);
			defaultConfigurationIsVisible = 0;
			defaultConfigurationName = Release;
		};
		F3E22B731D077F1300610814 /* Build configuration list for PBXNativeTarget "TP3" */ = {
			isa = XCConfigurationList;
			buildConfigurations = (
				F3E22B741D077F1300610814 /* Debug */,
				F3E22B751D077F1300610814 /* Release */,
			);
			defaultConfigurationIsVisible = 0;
		};
		F3E22B761D077F1300610814 /* Build configuration list for PBXNativeTarget "TP3Tests" */ = {
			isa = XCConfigurationList;
			buildConfigurations = (
				F3E22B771D077F1300610814 /* Debug */,
				F3E22B781D077F1300610814 /* Release */,
			);
			defaultConfigurationIsVisible = 0;
		};
		F3E22B791D077F1300610814 /* Build configuration list for PBXNativeTarget "TP3UITests" */ = {
			isa = XCConfigurationList;
			buildConfigurations = (
				F3E22B7A1D077F1300610814 /* Debug */,
				F3E22B7B1D077F1300610814 /* Release */,
			);
			defaultConfigurationIsVisible = 0;
		};
/* End XCConfigurationList section */
	};
	rootObject = F3E22B3E1D077F1300610814 /* Project object */;
}
